
Microsoft Visual Studio Solution File, Format Version 12.00
# Visual Studio Version 16
VisualStudioVersion = 16.0.31613.86
MinimumVisualStudioVersion = 10.0.40219.1
Project("{FAE04EC0-301F-11D3-BF4B-00C04F79EFBC}") = "Newsletter", "WebApplication1\Newsletter.csproj", "{43C51628-BC34-4446-B8DA-311B7B9AD0DA}"
EndProject
Global
	GlobalSection(SolutionConfigurationPlatforms) = preSolution
		Debug|Any CPU = Debug|Any CPU
		Release|Any CPU = Release|Any CPU
	EndGlobalSection
	GlobalSection(ProjectConfigurationPlatforms) = postSolution
		{43C51628-BC34-4446-B8DA-311B7B9AD0DA}.Debug|Any CPU.ActiveCfg = Debug|Any CPU
		{43C51628-BC34-4446-B8DA-311B7B9AD0DA}.Debug|Any CPU.Build.0 = Debug|Any CPU
		{43C51628-BC34-4446-B8DA-311B7B9AD0DA}.Release|Any CPU.ActiveCfg = Release|Any CPU
		{43C51628-BC34-4446-B8DA-311B7B9AD0DA}.Release|Any CPU.Build.0 = Release|Any CPU
	EndGlobalSection
	GlobalSection(SolutionProperties) = preSolution
		HideSolutionNode = FALSE
	EndGlobalSection
	GlobalSection(ExtensibilityGlobals) = postSolution
		SolutionGuid = {28AF99AD-C68E-4E76-A47B-40C914AECEE8}
	EndGlobalSection
EndGlobal
